
Microsoft Visual Studio Solution File, Format Version 12.00
# Visual Studio Version 17
VisualStudioVersion = 17.3.32929.385
MinimumVisualStudioVersion = 10.0.40219.1
Project("{FAE04EC0-301F-11D3-BF4B-00C04F79EFBC}") = "Login_SignUpPage_Backend", "Login_SignUpPage_Backend\Login_SignUpPage_Backend.csproj", "{24479CE0-06FB-4A85-A345-5DBDDB0C4D5A}"
EndProject
Global
	GlobalSection(SolutionConfigurationPlatforms) = preSolution
		Debug|Any CPU = Debug|Any CPU
		Release|Any CPU = Release|Any CPU
	EndGlobalSection
	GlobalSection(ProjectConfigurationPlatforms) = postSolution
		{24479CE0-06FB-4A85-A345-5DBDDB0C4D5A}.Debug|Any CPU.ActiveCfg = Debug|Any CPU
		{24479CE0-06FB-4A85-A345-5DBDDB0C4D5A}.Debug|Any CPU.Build.0 = Debug|Any CPU
		{24479CE0-06FB-4A85-A345-5DBDDB0C4D5A}.Release|Any CPU.ActiveCfg = Release|Any CPU
		{24479CE0-06FB-4A85-A345-5DBDDB0C4D5A}.Release|Any CPU.Build.0 = Release|Any CPU
	EndGlobalSection
	GlobalSection(SolutionProperties) = preSolution
		HideSolutionNode = FALSE
	EndGlobalSection
	GlobalSection(ExtensibilityGlobals) = postSolution
		SolutionGuid = {C8394924-4636-494A-83BD-A1853BAA302A}
	EndGlobalSection
EndGlobal
